
Microsoft Visual Studio Solution File, Format Version 12.00
# Visual Studio Version 16
VisualStudioVersion = 16.0.30114.105
MinimumVisualStudioVersion = 10.0.40219.1
Project("{8BC9CEB8-8B4A-11D0-8D11-00A0C91BC942}") = "IncreaseActorLimit", "IncreaseActorLimit.vcxproj", "{F593EA95-9ACF-4C1D-969E-BA473824B02D}"
EndProject
Global
	GlobalSection(SolutionConfigurationPlatforms) = preSolution
		Debug|x64 = Debug|x64
		Debug|x86 = Debug|x86
		Release|x64 = Release|x64
		Release|x86 = Release|x86
	EndGlobalSection
	GlobalSection(ProjectConfigurationPlatforms) = postSolution
		{F593EA95-9ACF-4C1D-969E-BA473824B02D}.Debug|x64.ActiveCfg = Debug|x64
		{F593EA95-9ACF-4C1D-969E-BA473824B02D}.Debug|x64.Build.0 = Debug|x64
		{F593EA95-9ACF-4C1D-969E-BA473824B02D}.Debug|x86.ActiveCfg = Debug|Win32
		{F593EA95-9ACF-4C1D-969E-BA473824B02D}.Debug|x86.Build.0 = Debug|Win32
		{F593EA95-9ACF-4C1D-969E-BA473824B02D}.Release|x64.ActiveCfg = Release|x64
		{F593EA95-9ACF-4C1D-969E-BA473824B02D}.Release|x64.Build.0 = Release|x64
		{F593EA95-9ACF-4C1D-969E-BA473824B02D}.Release|x86.ActiveCfg = Release|Win32
		{F593EA95-9ACF-4C1D-969E-BA473824B02D}.Release|x86.Build.0 = Release|Win32
	EndGlobalSection
	GlobalSection(SolutionProperties) = preSolution
		HideSolutionNode = FALSE
	EndGlobalSection
	GlobalSection(ExtensibilityGlobals) = postSolution
		SolutionGuid = {4108465B-8FCA-45AE-9C3F-FAF646D55265}
	EndGlobalSection
EndGlobal
